
Microsoft Visual Studio Solution File, Format Version 12.00
# Visual Studio Version 16
VisualStudioVersion = 16.0.30320.27
MinimumVisualStudioVersion = 10.0.40219.1
Project("{9A19103F-16F7-4668-BE54-9A1E7A4F7556}") = "DarkMatterWasm.Server", "Server\DarkMatterWasm.Server.csproj", "{7FC0876D-0A96-4A38-A2A3-66BB8D0580D9}"
EndProject
Project("{9A19103F-16F7-4668-BE54-9A1E7A4F7556}") = "DarkMatterWasm.Client", "Client\DarkMatterWasm.Client.csproj", "{A4D506E5-223D-4DC0-A6EF-8E733C7543B0}"
EndProject
Project("{9A19103F-16F7-4668-BE54-9A1E7A4F7556}") = "DarkMatterWasm.Shared", "Shared\DarkMatterWasm.Shared.csproj", "{D0903B52-047D-404A-99BD-460206EB6949}"
EndProject
Project("{2150E333-8FDC-42A3-9474-1A3956D46DE8}") = "Solution Items", "Solution Items", "{09205D4C-9A41-47A8-90B3-29D2DC8C872D}"
	ProjectSection(SolutionItems) = preProject
		Dockerfile = Dockerfile
		prod-deploy.yml = prod-deploy.yml
		prod-service.yml = prod-service.yml
	EndProjectSection
EndProject
Global
	GlobalSection(SolutionConfigurationPlatforms) = preSolution
		Debug|Any CPU = Debug|Any CPU
		Release|Any CPU = Release|Any CPU
	EndGlobalSection
	GlobalSection(ProjectConfigurationPlatforms) = postSolution
		{7FC0876D-0A96-4A38-A2A3-66BB8D0580D9}.Debug|Any CPU.ActiveCfg = Debug|Any CPU
		{7FC0876D-0A96-4A38-A2A3-66BB8D0580D9}.Debug|Any CPU.Build.0 = Debug|Any CPU
		{7FC0876D-0A96-4A38-A2A3-66BB8D0580D9}.Release|Any CPU.ActiveCfg = Release|Any CPU
		{7FC0876D-0A96-4A38-A2A3-66BB8D0580D9}.Release|Any CPU.Build.0 = Release|Any CPU
		{A4D506E5-223D-4DC0-A6EF-8E733C7543B0}.Debug|Any CPU.ActiveCfg = Debug|Any CPU
		{A4D506E5-223D-4DC0-A6EF-8E733C7543B0}.Debug|Any CPU.Build.0 = Debug|Any CPU
		{A4D506E5-223D-4DC0-A6EF-8E733C7543B0}.Release|Any CPU.ActiveCfg = Release|Any CPU
		{A4D506E5-223D-4DC0-A6EF-8E733C7543B0}.Release|Any CPU.Build.0 = Release|Any CPU
		{D0903B52-047D-404A-99BD-460206EB6949}.Debug|Any CPU.ActiveCfg = Debug|Any CPU
		{D0903B52-047D-404A-99BD-460206EB6949}.Debug|Any CPU.Build.0 = Debug|Any CPU
		{D0903B52-047D-404A-99BD-460206EB6949}.Release|Any CPU.ActiveCfg = Release|Any CPU
		{D0903B52-047D-404A-99BD-460206EB6949}.Release|Any CPU.Build.0 = Release|Any CPU
	EndGlobalSection
	GlobalSection(SolutionProperties) = preSolution
		HideSolutionNode = FALSE
	EndGlobalSection
	GlobalSection(ExtensibilityGlobals) = postSolution
		SolutionGuid = {C94ED094-FBF9-4B5F-BBA3-48F11DFE91C6}
	EndGlobalSection
EndGlobal
